
Microsoft Visual Studio Solution File, Format Version 12.00
# Visual Studio Version 17
VisualStudioVersion = 17.0.31903.59
MinimumVisualStudioVersion = 10.0.40219.1
Project("{2150E333-8FDC-42A3-9474-1A3956D46DE8}") = "BuildingBlocks", "BuildingBlocks", "{7391482D-F6E3-4F6A-BEF2-93A37613F2F9}"
EndProject
Project("{9A19103F-16F7-4668-BE54-9A1E7A4F7556}") = "Kernel", "BuildingBlocks\Kernel\Kernel.csproj", "{FA2C6CA1-4DF0-4001-9440-B2390888465F}"
EndProject
Project("{2150E333-8FDC-42A3-9474-1A3956D46DE8}") = "Messaging", "Messaging", "{281BC53A-A09C-406E-BCE8-9C61DD525802}"
EndProject
Project("{9A19103F-16F7-4668-BE54-9A1E7A4F7556}") = "Messaging", "BuildingBlocks\Messaging\Messaging\Messaging.csproj", "{427F0FDF-1698-432A-8C4F-581E5B1E63E5}"
EndProject
Project("{9A19103F-16F7-4668-BE54-9A1E7A4F7556}") = "Messaging.Udp", "BuildingBlocks\Messaging\Messaging.Udp\Messaging.Udp.csproj", "{B63A58B0-3250-4787-89F7-850CA4AB4433}"
EndProject
Project("{2150E333-8FDC-42A3-9474-1A3956D46DE8}") = "Services", "Services", "{C4B01B33-651F-4CBC-B3BE-EC1C224BE96C}"
EndProject
Project("{2150E333-8FDC-42A3-9474-1A3956D46DE8}") = "IdentityService", "IdentityService", "{2D3616F6-5199-425A-A97A-1603383788BB}"
EndProject
Project("{9A19103F-16F7-4668-BE54-9A1E7A4F7556}") = "IdentityService.Tests", "Services\IdentityService\IdentityService.Tests\IdentityService.Tests.csproj", "{B43CE02D-DED1-4262-9A3C-6C787FA65ADF}"
EndProject
Project("{9A19103F-16F7-4668-BE54-9A1E7A4F7556}") = "IdentityService.Core", "Services\IdentityService\IdentityService.Core\IdentityService.Core.csproj", "{6D8003C3-22F4-4459-9E3B-1AC8B7B09530}"
EndProject
Project("{9A19103F-16F7-4668-BE54-9A1E7A4F7556}") = "IdentityService.Api", "Services\IdentityService\IdentityService.Api\IdentityService.Api.csproj", "{96E6ADB8-3A16-40FC-A3F9-18D727C1C081}"
EndProject
Project("{9A19103F-16F7-4668-BE54-9A1E7A4F7556}") = "IdentityService.Infrastructure", "Services\IdentityService\IdentityService.Infrastructure\IdentityService.Infrastructure.csproj", "{86678478-7D61-45B0-9D44-00A2CA9B4144}"
EndProject
Project("{2150E333-8FDC-42A3-9474-1A3956D46DE8}") = "Validation", "Validation", "{FD003DBD-28C0-4CAD-A5F0-D12AB3A484B2}"
EndProject
Project("{2150E333-8FDC-42A3-9474-1A3956D46DE8}") = "Security", "Security", "{E44A879F-D40F-4117-AA64-6A1AA7F95A0A}"
EndProject
Project("{9A19103F-16F7-4668-BE54-9A1E7A4F7556}") = "Validation", "BuildingBlocks\Validation\Validation\Validation.csproj", "{06D66DDA-4018-4E4D-944E-BE00E859A39C}"
EndProject
Project("{9A19103F-16F7-4668-BE54-9A1E7A4F7556}") = "Security", "BuildingBlocks\Security\Security\Security.csproj", "{CA24C847-D84D-4B54-892F-F731CC1F3F96}"
EndProject
Global
	GlobalSection(SolutionConfigurationPlatforms) = preSolution
		Debug|Any CPU = Debug|Any CPU
		Release|Any CPU = Release|Any CPU
	EndGlobalSection
	GlobalSection(ProjectConfigurationPlatforms) = postSolution
		{FA2C6CA1-4DF0-4001-9440-B2390888465F}.Debug|Any CPU.ActiveCfg = Debug|Any CPU
		{FA2C6CA1-4DF0-4001-9440-B2390888465F}.Debug|Any CPU.Build.0 = Debug|Any CPU
		{FA2C6CA1-4DF0-4001-9440-B2390888465F}.Release|Any CPU.ActiveCfg = Release|Any CPU
		{FA2C6CA1-4DF0-4001-9440-B2390888465F}.Release|Any CPU.Build.0 = Release|Any CPU
		{427F0FDF-1698-432A-8C4F-581E5B1E63E5}.Debug|Any CPU.ActiveCfg = Debug|Any CPU
		{427F0FDF-1698-432A-8C4F-581E5B1E63E5}.Debug|Any CPU.Build.0 = Debug|Any CPU
		{427F0FDF-1698-432A-8C4F-581E5B1E63E5}.Release|Any CPU.ActiveCfg = Release|Any CPU
		{427F0FDF-1698-432A-8C4F-581E5B1E63E5}.Release|Any CPU.Build.0 = Release|Any CPU
		{B63A58B0-3250-4787-89F7-850CA4AB4433}.Debug|Any CPU.ActiveCfg = Debug|Any CPU
		{B63A58B0-3250-4787-89F7-850CA4AB4433}.Debug|Any CPU.Build.0 = Debug|Any CPU
		{B63A58B0-3250-4787-89F7-850CA4AB4433}.Release|Any CPU.ActiveCfg = Release|Any CPU
		{B63A58B0-3250-4787-89F7-850CA4AB4433}.Release|Any CPU.Build.0 = Release|Any CPU
		{B43CE02D-DED1-4262-9A3C-6C787FA65ADF}.Debug|Any CPU.ActiveCfg = Debug|Any CPU
		{B43CE02D-DED1-4262-9A3C-6C787FA65ADF}.Debug|Any CPU.Build.0 = Debug|Any CPU
		{B43CE02D-DED1-4262-9A3C-6C787FA65ADF}.Release|Any CPU.ActiveCfg = Release|Any CPU
		{B43CE02D-DED1-4262-9A3C-6C787FA65ADF}.Release|Any CPU.Build.0 = Release|Any CPU
		{6D8003C3-22F4-4459-9E3B-1AC8B7B09530}.Debug|Any CPU.ActiveCfg = Debug|Any CPU
		{6D8003C3-22F4-4459-9E3B-1AC8B7B09530}.Debug|Any CPU.Build.0 = Debug|Any CPU
		{6D8003C3-22F4-4459-9E3B-1AC8B7B09530}.Release|Any CPU.ActiveCfg = Release|Any CPU
		{6D8003C3-22F4-4459-9E3B-1AC8B7B09530}.Release|Any CPU.Build.0 = Release|Any CPU
		{96E6ADB8-3A16-40FC-A3F9-18D727C1C081}.Debug|Any CPU.ActiveCfg = Debug|Any CPU
		{96E6ADB8-3A16-40FC-A3F9-18D727C1C081}.Debug|Any CPU.Build.0 = Debug|Any CPU
		{96E6ADB8-3A16-40FC-A3F9-18D727C1C081}.Release|Any CPU.ActiveCfg = Release|Any CPU
		{96E6ADB8-3A16-40FC-A3F9-18D727C1C081}.Release|Any CPU.Build.0 = Release|Any CPU
		{86678478-7D61-45B0-9D44-00A2CA9B4144}.Debug|Any CPU.ActiveCfg = Debug|Any CPU
		{86678478-7D61-45B0-9D44-00A2CA9B4144}.Debug|Any CPU.Build.0 = Debug|Any CPU
		{86678478-7D61-45B0-9D44-00A2CA9B4144}.Release|Any CPU.ActiveCfg = Release|Any CPU
		{86678478-7D61-45B0-9D44-00A2CA9B4144}.Release|Any CPU.Build.0 = Release|Any CPU
		{06D66DDA-4018-4E4D-944E-BE00E859A39C}.Debug|Any CPU.ActiveCfg = Debug|Any CPU
		{06D66DDA-4018-4E4D-944E-BE00E859A39C}.Debug|Any CPU.Build.0 = Debug|Any CPU
		{06D66DDA-4018-4E4D-944E-BE00E859A39C}.Release|Any CPU.ActiveCfg = Release|Any CPU
		{06D66DDA-4018-4E4D-944E-BE00E859A39C}.Release|Any CPU.Build.0 = Release|Any CPU
		{CA24C847-D84D-4B54-892F-F731CC1F3F96}.Debug|Any CPU.ActiveCfg = Debug|Any CPU
		{CA24C847-D84D-4B54-892F-F731CC1F3F96}.Debug|Any CPU.Build.0 = Debug|Any CPU
		{CA24C847-D84D-4B54-892F-F731CC1F3F96}.Release|Any CPU.ActiveCfg = Release|Any CPU
		{CA24C847-D84D-4B54-892F-F731CC1F3F96}.Release|Any CPU.Build.0 = Release|Any CPU
	EndGlobalSection
	GlobalSection(SolutionProperties) = preSolution
		HideSolutionNode = FALSE
	EndGlobalSection
	GlobalSection(NestedProjects) = preSolution
		{FA2C6CA1-4DF0-4001-9440-B2390888465F} = {7391482D-F6E3-4F6A-BEF2-93A37613F2F9}
		{281BC53A-A09C-406E-BCE8-9C61DD525802} = {7391482D-F6E3-4F6A-BEF2-93A37613F2F9}
		{427F0FDF-1698-432A-8C4F-581E5B1E63E5} = {281BC53A-A09C-406E-BCE8-9C61DD525802}
		{B63A58B0-3250-4787-89F7-850CA4AB4433} = {281BC53A-A09C-406E-BCE8-9C61DD525802}
		{2D3616F6-5199-425A-A97A-1603383788BB} = {C4B01B33-651F-4CBC-B3BE-EC1C224BE96C}
		{B43CE02D-DED1-4262-9A3C-6C787FA65ADF} = {2D3616F6-5199-425A-A97A-1603383788BB}
		{6D8003C3-22F4-4459-9E3B-1AC8B7B09530} = {2D3616F6-5199-425A-A97A-1603383788BB}
		{96E6ADB8-3A16-40FC-A3F9-18D727C1C081} = {2D3616F6-5199-425A-A97A-1603383788BB}
		{86678478-7D61-45B0-9D44-00A2CA9B4144} = {2D3616F6-5199-425A-A97A-1603383788BB}
		{FD003DBD-28C0-4CAD-A5F0-D12AB3A484B2} = {7391482D-F6E3-4F6A-BEF2-93A37613F2F9}
		{E44A879F-D40F-4117-AA64-6A1AA7F95A0A} = {7391482D-F6E3-4F6A-BEF2-93A37613F2F9}
		{06D66DDA-4018-4E4D-944E-BE00E859A39C} = {FD003DBD-28C0-4CAD-A5F0-D12AB3A484B2}
		{CA24C847-D84D-4B54-892F-F731CC1F3F96} = {E44A879F-D40F-4117-AA64-6A1AA7F95A0A}
	EndGlobalSection
EndGlobal
